{
  "name": "umc_bot",
  "version": "1.0.0",
  "lockfileVersion": 1,
  "requires": true,
  "dependencies": {
    "argparse": {
      "version": "1.0.10",
      "resolved": "https://registry.npmjs.org/argparse/-/argparse-1.0.10.tgz",
      "integrity": "sha512-o5Roy6tNG4SL/FOkCAN6RzjiakZS25RLYFrcMttJqbdd8BWrnA+fGz57iN5Pb06pvBGvl5gQ0B48dJlslXvoTg==",
      "requires": {
        "sprintf-js": "1.0.3"
      }
    },
    "compile-template": {
      "version": "0.3.1",
      "resolved": "https://registry.npmjs.org/compile-template/-/compile-template-0.3.1.tgz",
      "integrity": "sha512-5aB55cRApvy8zKPe9RrrLVysVpHafgp1IMvfGYQ8QnXrIsafYuj73yyIGYEHsslYoDxIs/XsM5wTIxICcwIKog=="
    },
    "debug": {
      "version": "3.1.0",
      "resolved": "https://registry.npmjs.org/debug/-/debug-3.1.0.tgz",
      "integrity": "sha512-OX8XqP7/1a9cqkxYw2yXss15f26NKWBpDXQd0/uK/KPqdQhxbPa994hnzjcE2VqQpDslf55723cKPUOGSmMY3g==",
      "requires": {
        "ms": "2.0.0"
      }
    },
    "esprima": {
      "version": "4.0.0",
      "resolved": "https://registry.npmjs.org/esprima/-/esprima-4.0.0.tgz",
      "integrity": "sha512-oftTcaMu/EGrEIu904mWteKIv8vMuOgGYo7EhVJJN00R/EED9DCua/xxHRdYnKtcECzVg7xOWhflvJMnqcFZjw=="
    },
    "js-yaml": {
      "version": "3.11.0",
      "resolved": "https://registry.npmjs.org/js-yaml/-/js-yaml-3.11.0.tgz",
      "integrity": "sha512-saJstZWv7oNeOyBh3+Dx1qWzhW0+e6/8eDzo7p5rDFqxntSztloLtuKu+Ejhtq82jsilwOIZYsCz+lIjthg1Hw==",
      "requires": {
        "argparse": "1.0.10",
        "esprima": "4.0.0"
      }
    },
    "ms": {
      "version": "2.0.0",
      "resolved": "https://registry.npmjs.org/ms/-/ms-2.0.0.tgz",
      "integrity": "sha1-VgiurfwAvmwpAd9fmGF4jeDVl8g="
    },
    "node-fetch": {
      "version": "2.1.2",
      "resolved": "https://registry.npmjs.org/node-fetch/-/node-fetch-2.1.2.tgz",
      "integrity": "sha1-q4hOjn5X44qUR1POxwb3iNF2i7U="
    },
    "sandwich-stream": {
      "version": "1.0.0",
      "resolved": "https://registry.npmjs.org/sandwich-stream/-/sandwich-stream-1.0.0.tgz",
      "integrity": "sha1-eDDkV5e1kzKH8fmyj4cZB0ViYvI="
    },
    "sprintf-js": {
      "version": "1.0.3",
      "resolved": "https://registry.npmjs.org/sprintf-js/-/sprintf-js-1.0.3.tgz",
      "integrity": "sha1-BOaSb2YolTVPPdAVIDYzuFcpfiw="
    },
    "telegraf": {
      "version": "3.20.0",
      "resolved": "https://registry.npmjs.org/telegraf/-/telegraf-3.20.0.tgz",
      "integrity": "sha512-2IZcBTQZvM7A6eJMtRYvTIZQCO0vI0iK6FQzh5vJCoCy/tbc8GTA3lj2GdOcMULGHfNTiYDCJ54+pKyyF9t1DA==",
      "requires": {
        "debug": "3.1.0",
        "node-fetch": "2.1.2",
        "sandwich-stream": "1.0.0"
      }
    },
    "telegraf-i18n": {
      "version": "6.1.0",
      "resolved": "https://registry.npmjs.org/telegraf-i18n/-/telegraf-i18n-6.1.0.tgz",
      "integrity": "sha512-BZAqt1J8AXab19kIp9bg4uafpWcmcBWpMNHT8hMBre5uI3QyYf5C0QqRD594cw96GR8mkp/GQcf90yrGDnXigA==",
      "requires": {
        "compile-template": "0.3.1",
        "debug": "3.1.0",
        "js-yaml": "3.11.0"
      }
    }
  }
}
